
Microsoft Visual Studio Solution File, Format Version 12.00
# Visual Studio Version 16
VisualStudioVersion = 16.0.30503.244
MinimumVisualStudioVersion = 10.0.40219.1
Project("{FAE04EC0-301F-11D3-BF4B-00C04F79EFBC}") = "DiardeToDXF", "DiardeToDXF\DiardeToDXF.csproj", "{9263F007-22D7-43D4-B011-E2ED5E75B2E1}"
EndProject
Global
	GlobalSection(SolutionConfigurationPlatforms) = preSolution
		Debug|Any CPU = Debug|Any CPU
		Release|Any CPU = Release|Any CPU
	EndGlobalSection
	GlobalSection(ProjectConfigurationPlatforms) = postSolution
		{9263F007-22D7-43D4-B011-E2ED5E75B2E1}.Debug|Any CPU.ActiveCfg = Debug|Any CPU
		{9263F007-22D7-43D4-B011-E2ED5E75B2E1}.Debug|Any CPU.Build.0 = Debug|Any CPU
		{9263F007-22D7-43D4-B011-E2ED5E75B2E1}.Release|Any CPU.ActiveCfg = Release|Any CPU
		{9263F007-22D7-43D4-B011-E2ED5E75B2E1}.Release|Any CPU.Build.0 = Release|Any CPU
	EndGlobalSection
	GlobalSection(SolutionProperties) = preSolution
		HideSolutionNode = FALSE
	EndGlobalSection
	GlobalSection(ExtensibilityGlobals) = postSolution
		SolutionGuid = {63382106-A985-4FC3-B2B1-75348BD11E89}
	EndGlobalSection
EndGlobal
